
Microsoft Visual Studio Solution File, Format Version 12.00
# Visual Studio 15
VisualStudioVersion = 15.0.26430.6
MinimumVisualStudioVersion = 10.0.40219.1
Project("{D954291E-2A0B-460D-934E-DC6B0785DB48}") = "MapTest", "MapTest\MapTest\MapTest.shproj", "{DAAB8E02-168F-4A3D-BD95-63131D95D6C4}"
EndProject
Project("{FAE04EC0-301F-11D3-BF4B-00C04F79EFBC}") = "MapTest.Android", "MapTest\MapTest.Android\MapTest.Android.csproj", "{8A3384E4-E44F-429A-8974-BD581449873F}"
EndProject
Project("{FAE04EC0-301F-11D3-BF4B-00C04F79EFBC}") = "MapTest.iOS", "MapTest\MapTest.iOS\MapTest.iOS.csproj", "{DC6E45C5-41D7-41B7-9B83-B65FDEC10EC6}"
EndProject
Project("{FAE04EC0-301F-11D3-BF4B-00C04F79EFBC}") = "MapTest.UWP", "MapTest\MapTest.UWP\MapTest.UWP.csproj", "{1EBAB65E-459A-4483-A581-9E8053F0C42D}"
EndProject
Global
	GlobalSection(SharedMSBuildProjectFiles) = preSolution
		MapTest\MapTest\MapTest.projitems*{1ebab65e-459a-4483-a581-9e8053f0c42d}*SharedItemsImports = 4
		MapTest\MapTest\MapTest.projitems*{8a3384e4-e44f-429a-8974-bd581449873f}*SharedItemsImports = 4
		MapTest\MapTest\MapTest.projitems*{daab8e02-168f-4a3d-bd95-63131d95d6c4}*SharedItemsImports = 13
		MapTest\MapTest\MapTest.projitems*{dc6e45c5-41d7-41b7-9b83-b65fdec10ec6}*SharedItemsImports = 4
	EndGlobalSection
	GlobalSection(SolutionConfigurationPlatforms) = preSolution
		Ad-Hoc|Any CPU = Ad-Hoc|Any CPU
		Ad-Hoc|ARM = Ad-Hoc|ARM
		Ad-Hoc|iPhone = Ad-Hoc|iPhone
		Ad-Hoc|iPhoneSimulator = Ad-Hoc|iPhoneSimulator
		Ad-Hoc|x64 = Ad-Hoc|x64
		Ad-Hoc|x86 = Ad-Hoc|x86
		AppStore|Any CPU = AppStore|Any CPU
		AppStore|ARM = AppStore|ARM
		AppStore|iPhone = AppStore|iPhone
		AppStore|iPhoneSimulator = AppStore|iPhoneSimulator
		AppStore|x64 = AppStore|x64
		AppStore|x86 = AppStore|x86
		Custom|Any CPU = Custom|Any CPU
		Custom|ARM = Custom|ARM
		Custom|iPhone = Custom|iPhone
		Custom|iPhoneSimulator = Custom|iPhoneSimulator
		Custom|x64 = Custom|x64
		Custom|x86 = Custom|x86
		Debug|Any CPU = Debug|Any CPU
		Debug|ARM = Debug|ARM
		Debug|iPhone = Debug|iPhone
		Debug|iPhoneSimulator = Debug|iPhoneSimulator
		Debug|x64 = Debug|x64
		Debug|x86 = Debug|x86
		Release|Any CPU = Release|Any CPU
		Release|ARM = Release|ARM
		Release|iPhone = Release|iPhone
		Release|iPhoneSimulator = Release|iPhoneSimulator
		Release|x64 = Release|x64
		Release|x86 = Release|x86
	EndGlobalSection
	GlobalSection(ProjectConfigurationPlatforms) = postSolution
		{8A3384E4-E44F-429A-8974-BD581449873F}.Ad-Hoc|Any CPU.ActiveCfg = Release|Any CPU
		{8A3384E4-E44F-429A-8974-BD581449873F}.Ad-Hoc|Any CPU.Build.0 = Release|Any CPU
		{8A3384E4-E44F-429A-8974-BD581449873F}.Ad-Hoc|Any CPU.Deploy.0 = Release|Any CPU
		{8A3384E4-E44F-429A-8974-BD581449873F}.Ad-Hoc|ARM.ActiveCfg = Release|Any CPU
		{8A3384E4-E44F-429A-8974-BD581449873F}.Ad-Hoc|ARM.Build.0 = Release|Any CPU
		{8A3384E4-E44F-429A-8974-BD581449873F}.Ad-Hoc|ARM.Deploy.0 = Release|Any CPU
		{8A3384E4-E44F-429A-8974-BD581449873F}.Ad-Hoc|iPhone.ActiveCfg = Release|Any CPU
		{8A3384E4-E44F-429A-8974-BD581449873F}.Ad-Hoc|iPhone.Build.0 = Release|Any CPU
		{8A3384E4-E44F-429A-8974-BD581449873F}.Ad-Hoc|iPhone.Deploy.0 = Release|Any CPU
		{8A3384E4-E44F-429A-8974-BD581449873F}.Ad-Hoc|iPhoneSimulator.ActiveCfg = Release|Any CPU
		{8A3384E4-E44F-429A-8974-BD581449873F}.Ad-Hoc|iPhoneSimulator.Build.0 = Release|Any CPU
		{8A3384E4-E44F-429A-8974-BD581449873F}.Ad-Hoc|iPhoneSimulator.Deploy.0 = Release|Any CPU
		{8A3384E4-E44F-429A-8974-BD581449873F}.Ad-Hoc|x64.ActiveCfg = Release|Any CPU
		{8A3384E4-E44F-429A-8974-BD581449873F}.Ad-Hoc|x64.Build.0 = Release|Any CPU
		{8A3384E4-E44F-429A-8974-BD581449873F}.Ad-Hoc|x64.Deploy.0 = Release|Any CPU
		{8A3384E4-E44F-429A-8974-BD581449873F}.Ad-Hoc|x86.ActiveCfg = Release|Any CPU
		{8A3384E4-E44F-429A-8974-BD581449873F}.Ad-Hoc|x86.Build.0 = Release|Any CPU
		{8A3384E4-E44F-429A-8974-BD581449873F}.Ad-Hoc|x86.Deploy.0 = Release|Any CPU
		{8A3384E4-E44F-429A-8974-BD581449873F}.AppStore|Any CPU.ActiveCfg = Release|Any CPU
		{8A3384E4-E44F-429A-8974-BD581449873F}.AppStore|Any CPU.Build.0 = Release|Any CPU
		{8A3384E4-E44F-429A-8974-BD581449873F}.AppStore|Any CPU.Deploy.0 = Release|Any CPU
		{8A3384E4-E44F-429A-8974-BD581449873F}.AppStore|ARM.ActiveCfg = Release|Any CPU
		{8A3384E4-E44F-429A-8974-BD581449873F}.AppStore|ARM.Build.0 = Release|Any CPU
		{8A3384E4-E44F-429A-8974-BD581449873F}.AppStore|ARM.Deploy.0 = Release|Any CPU
		{8A3384E4-E44F-429A-8974-BD581449873F}.AppStore|iPhone.ActiveCfg = Release|Any CPU
		{8A3384E4-E44F-429A-8974-BD581449873F}.AppStore|iPhone.Build.0 = Release|Any CPU
		{8A3384E4-E44F-429A-8974-BD581449873F}.AppStore|iPhone.Deploy.0 = Release|Any CPU
		{8A3384E4-E44F-429A-8974-BD581449873F}.AppStore|iPhoneSimulator.ActiveCfg = Release|Any CPU
		{8A3384E4-E44F-429A-8974-BD581449873F}.AppStore|iPhoneSimulator.Build.0 = Release|Any CPU
		{8A3384E4-E44F-429A-8974-BD581449873F}.AppStore|iPhoneSimulator.Deploy.0 = Release|Any CPU
		{8A3384E4-E44F-429A-8974-BD581449873F}.AppStore|x64.ActiveCfg = Release|Any CPU
		{8A3384E4-E44F-429A-8974-BD581449873F}.AppStore|x64.Build.0 = Release|Any CPU
		{8A3384E4-E44F-429A-8974-BD581449873F}.AppStore|x64.Deploy.0 = Release|Any CPU
		{8A3384E4-E44F-429A-8974-BD581449873F}.AppStore|x86.ActiveCfg = Release|Any CPU
		{8A3384E4-E44F-429A-8974-BD581449873F}.AppStore|x86.Build.0 = Release|Any CPU
		{8A3384E4-E44F-429A-8974-BD581449873F}.AppStore|x86.Deploy.0 = Release|Any CPU
		{8A3384E4-E44F-429A-8974-BD581449873F}.Custom|Any CPU.ActiveCfg = Custom|Any CPU
		{8A3384E4-E44F-429A-8974-BD581449873F}.Custom|Any CPU.Build.0 = Custom|Any CPU
		{8A3384E4-E44F-429A-8974-BD581449873F}.Custom|Any CPU.Deploy.0 = Custom|Any CPU
		{8A3384E4-E44F-429A-8974-BD581449873F}.Custom|ARM.ActiveCfg = Custom|Any CPU
		{8A3384E4-E44F-429A-8974-BD581449873F}.Custom|ARM.Build.0 = Custom|Any CPU
		{8A3384E4-E44F-429A-8974-BD581449873F}.Custom|ARM.Deploy.0 = Custom|Any CPU
		{8A3384E4-E44F-429A-8974-BD581449873F}.Custom|iPhone.ActiveCfg = Custom|Any CPU
		{8A3384E4-E44F-429A-8974-BD581449873F}.Custom|iPhone.Build.0 = Custom|Any CPU
		{8A3384E4-E44F-429A-8974-BD581449873F}.Custom|iPhone.Deploy.0 = Custom|Any CPU
		{8A3384E4-E44F-429A-8974-BD581449873F}.Custom|iPhoneSimulator.ActiveCfg = Custom|Any CPU
		{8A3384E4-E44F-429A-8974-BD581449873F}.Custom|iPhoneSimulator.Build.0 = Custom|Any CPU
		{8A3384E4-E44F-429A-8974-BD581449873F}.Custom|iPhoneSimulator.Deploy.0 = Custom|Any CPU
		{8A3384E4-E44F-429A-8974-BD581449873F}.Custom|x64.ActiveCfg = Custom|Any CPU
		{8A3384E4-E44F-429A-8974-BD581449873F}.Custom|x64.Build.0 = Custom|Any CPU
		{8A3384E4-E44F-429A-8974-BD581449873F}.Custom|x64.Deploy.0 = Custom|Any CPU
		{8A3384E4-E44F-429A-8974-BD581449873F}.Custom|x86.ActiveCfg = Custom|Any CPU
		{8A3384E4-E44F-429A-8974-BD581449873F}.Custom|x86.Build.0 = Custom|Any CPU
		{8A3384E4-E44F-429A-8974-BD581449873F}.Custom|x86.Deploy.0 = Custom|Any CPU
		{8A3384E4-E44F-429A-8974-BD581449873F}.Debug|Any CPU.ActiveCfg = Debug|Any CPU
		{8A3384E4-E44F-429A-8974-BD581449873F}.Debug|Any CPU.Build.0 = Debug|Any CPU
		{8A3384E4-E44F-429A-8974-BD581449873F}.Debug|Any CPU.Deploy.0 = Debug|Any CPU
		{8A3384E4-E44F-429A-8974-BD581449873F}.Debug|ARM.ActiveCfg = Debug|Any CPU
		{8A3384E4-E44F-429A-8974-BD581449873F}.Debug|ARM.Build.0 = Debug|Any CPU
		{8A3384E4-E44F-429A-8974-BD581449873F}.Debug|ARM.Deploy.0 = Debug|Any CPU
		{8A3384E4-E44F-429A-8974-BD581449873F}.Debug|iPhone.ActiveCfg = Debug|Any CPU
		{8A3384E4-E44F-429A-8974-BD581449873F}.Debug|iPhone.Build.0 = Debug|Any CPU
		{8A3384E4-E44F-429A-8974-BD581449873F}.Debug|iPhone.Deploy.0 = Debug|Any CPU
		{8A3384E4-E44F-429A-8974-BD581449873F}.Debug|iPhoneSimulator.ActiveCfg = Debug|Any CPU
		{8A3384E4-E44F-429A-8974-BD581449873F}.Debug|iPhoneSimulator.Build.0 = Debug|Any CPU
		{8A3384E4-E44F-429A-8974-BD581449873F}.Debug|iPhoneSimulator.Deploy.0 = Debug|Any CPU
		{8A3384E4-E44F-429A-8974-BD581449873F}.Debug|x64.ActiveCfg = Debug|Any CPU
		{8A3384E4-E44F-429A-8974-BD581449873F}.Debug|x64.Build.0 = Debug|Any CPU
		{8A3384E4-E44F-429A-8974-BD581449873F}.Debug|x64.Deploy.0 = Debug|Any CPU
		{8A3384E4-E44F-429A-8974-BD581449873F}.Debug|x86.ActiveCfg = Debug|Any CPU
		{8A3384E4-E44F-429A-8974-BD581449873F}.Debug|x86.Build.0 = Debug|Any CPU
		{8A3384E4-E44F-429A-8974-BD581449873F}.Debug|x86.Deploy.0 = Debug|Any CPU
		{8A3384E4-E44F-429A-8974-BD581449873F}.Release|Any CPU.ActiveCfg = Release|Any CPU
		{8A3384E4-E44F-429A-8974-BD581449873F}.Release|Any CPU.Build.0 = Release|Any CPU
		{8A3384E4-E44F-429A-8974-BD581449873F}.Release|Any CPU.Deploy.0 = Release|Any CPU
		{8A3384E4-E44F-429A-8974-BD581449873F}.Release|ARM.ActiveCfg = Release|Any CPU
		{8A3384E4-E44F-429A-8974-BD581449873F}.Release|ARM.Build.0 = Release|Any CPU
		{8A3384E4-E44F-429A-8974-BD581449873F}.Release|ARM.Deploy.0 = Release|Any CPU
		{8A3384E4-E44F-429A-8974-BD581449873F}.Release|iPhone.ActiveCfg = Release|Any CPU
		{8A3384E4-E44F-429A-8974-BD581449873F}.Release|iPhone.Build.0 = Release|Any CPU
		{8A3384E4-E44F-429A-8974-BD581449873F}.Release|iPhone.Deploy.0 = Release|Any CPU
		{8A3384E4-E44F-429A-8974-BD581449873F}.Release|iPhoneSimulator.ActiveCfg = Release|Any CPU
		{8A3384E4-E44F-429A-8974-BD581449873F}.Release|iPhoneSimulator.Build.0 = Release|Any CPU
		{8A3384E4-E44F-429A-8974-BD581449873F}.Release|iPhoneSimulator.Deploy.0 = Release|Any CPU
		{8A3384E4-E44F-429A-8974-BD581449873F}.Release|x64.ActiveCfg = Release|Any CPU
		{8A3384E4-E44F-429A-8974-BD581449873F}.Release|x64.Build.0 = Release|Any CPU
		{8A3384E4-E44F-429A-8974-BD581449873F}.Release|x64.Deploy.0 = Release|Any CPU
		{8A3384E4-E44F-429A-8974-BD581449873F}.Release|x86.ActiveCfg = Release|Any CPU
		{8A3384E4-E44F-429A-8974-BD581449873F}.Release|x86.Build.0 = Release|Any CPU
		{8A3384E4-E44F-429A-8974-BD581449873F}.Release|x86.Deploy.0 = Release|Any CPU
		{DC6E45C5-41D7-41B7-9B83-B65FDEC10EC6}.Ad-Hoc|Any CPU.ActiveCfg = Ad-Hoc|iPhone
		{DC6E45C5-41D7-41B7-9B83-B65FDEC10EC6}.Ad-Hoc|ARM.ActiveCfg = Ad-Hoc|iPhone
		{DC6E45C5-41D7-41B7-9B83-B65FDEC10EC6}.Ad-Hoc|iPhone.ActiveCfg = Ad-Hoc|iPhone
		{DC6E45C5-41D7-41B7-9B83-B65FDEC10EC6}.Ad-Hoc|iPhone.Build.0 = Ad-Hoc|iPhone
		{DC6E45C5-41D7-41B7-9B83-B65FDEC10EC6}.Ad-Hoc|iPhoneSimulator.ActiveCfg = Ad-Hoc|iPhoneSimulator
		{DC6E45C5-41D7-41B7-9B83-B65FDEC10EC6}.Ad-Hoc|iPhoneSimulator.Build.0 = Ad-Hoc|iPhoneSimulator
		{DC6E45C5-41D7-41B7-9B83-B65FDEC10EC6}.Ad-Hoc|x64.ActiveCfg = Ad-Hoc|iPhone
		{DC6E45C5-41D7-41B7-9B83-B65FDEC10EC6}.Ad-Hoc|x86.ActiveCfg = Ad-Hoc|iPhone
		{DC6E45C5-41D7-41B7-9B83-B65FDEC10EC6}.AppStore|Any CPU.ActiveCfg = AppStore|iPhone
		{DC6E45C5-41D7-41B7-9B83-B65FDEC10EC6}.AppStore|ARM.ActiveCfg = AppStore|iPhone
		{DC6E45C5-41D7-41B7-9B83-B65FDEC10EC6}.AppStore|iPhone.ActiveCfg = AppStore|iPhone
		{DC6E45C5-41D7-41B7-9B83-B65FDEC10EC6}.AppStore|iPhone.Build.0 = AppStore|iPhone
		{DC6E45C5-41D7-41B7-9B83-B65FDEC10EC6}.AppStore|iPhoneSimulator.ActiveCfg = AppStore|iPhoneSimulator
		{DC6E45C5-41D7-41B7-9B83-B65FDEC10EC6}.AppStore|iPhoneSimulator.Build.0 = AppStore|iPhoneSimulator
		{DC6E45C5-41D7-41B7-9B83-B65FDEC10EC6}.AppStore|x64.ActiveCfg = AppStore|iPhone
		{DC6E45C5-41D7-41B7-9B83-B65FDEC10EC6}.AppStore|x86.ActiveCfg = AppStore|iPhone
		{DC6E45C5-41D7-41B7-9B83-B65FDEC10EC6}.Custom|Any CPU.ActiveCfg = Custom|iPhone
		{DC6E45C5-41D7-41B7-9B83-B65FDEC10EC6}.Custom|ARM.ActiveCfg = Custom|iPhone
		{DC6E45C5-41D7-41B7-9B83-B65FDEC10EC6}.Custom|iPhone.ActiveCfg = Custom|iPhone
		{DC6E45C5-41D7-41B7-9B83-B65FDEC10EC6}.Custom|iPhoneSimulator.ActiveCfg = Custom|iPhoneSimulator
		{DC6E45C5-41D7-41B7-9B83-B65FDEC10EC6}.Custom|x64.ActiveCfg = Custom|iPhone
		{DC6E45C5-41D7-41B7-9B83-B65FDEC10EC6}.Custom|x86.ActiveCfg = Custom|iPhone
		{DC6E45C5-41D7-41B7-9B83-B65FDEC10EC6}.Debug|Any CPU.ActiveCfg = Debug|iPhone
		{DC6E45C5-41D7-41B7-9B83-B65FDEC10EC6}.Debug|ARM.ActiveCfg = Debug|iPhone
		{DC6E45C5-41D7-41B7-9B83-B65FDEC10EC6}.Debug|iPhone.ActiveCfg = Debug|iPhone
		{DC6E45C5-41D7-41B7-9B83-B65FDEC10EC6}.Debug|iPhone.Build.0 = Debug|iPhone
		{DC6E45C5-41D7-41B7-9B83-B65FDEC10EC6}.Debug|iPhoneSimulator.ActiveCfg = Debug|iPhoneSimulator
		{DC6E45C5-41D7-41B7-9B83-B65FDEC10EC6}.Debug|iPhoneSimulator.Build.0 = Debug|iPhoneSimulator
		{DC6E45C5-41D7-41B7-9B83-B65FDEC10EC6}.Debug|x64.ActiveCfg = Debug|iPhone
		{DC6E45C5-41D7-41B7-9B83-B65FDEC10EC6}.Debug|x86.ActiveCfg = Debug|iPhone
		{DC6E45C5-41D7-41B7-9B83-B65FDEC10EC6}.Release|Any CPU.ActiveCfg = Release|iPhone
		{DC6E45C5-41D7-41B7-9B83-B65FDEC10EC6}.Release|ARM.ActiveCfg = Release|iPhone
		{DC6E45C5-41D7-41B7-9B83-B65FDEC10EC6}.Release|iPhone.ActiveCfg = Release|iPhone
		{DC6E45C5-41D7-41B7-9B83-B65FDEC10EC6}.Release|iPhone.Build.0 = Release|iPhone
		{DC6E45C5-41D7-41B7-9B83-B65FDEC10EC6}.Release|iPhoneSimulator.ActiveCfg = Release|iPhoneSimulator
		{DC6E45C5-41D7-41B7-9B83-B65FDEC10EC6}.Release|iPhoneSimulator.Build.0 = Release|iPhoneSimulator
		{DC6E45C5-41D7-41B7-9B83-B65FDEC10EC6}.Release|x64.ActiveCfg = Release|iPhone
		{DC6E45C5-41D7-41B7-9B83-B65FDEC10EC6}.Release|x86.ActiveCfg = Release|iPhone
		{1EBAB65E-459A-4483-A581-9E8053F0C42D}.Ad-Hoc|Any CPU.ActiveCfg = Release|x86
		{1EBAB65E-459A-4483-A581-9E8053F0C42D}.Ad-Hoc|Any CPU.Build.0 = Release|x86
		{1EBAB65E-459A-4483-A581-9E8053F0C42D}.Ad-Hoc|Any CPU.Deploy.0 = Release|x86
		{1EBAB65E-459A-4483-A581-9E8053F0C42D}.Ad-Hoc|ARM.ActiveCfg = Release|ARM
		{1EBAB65E-459A-4483-A581-9E8053F0C42D}.Ad-Hoc|ARM.Build.0 = Release|ARM
		{1EBAB65E-459A-4483-A581-9E8053F0C42D}.Ad-Hoc|ARM.Deploy.0 = Release|ARM
		{1EBAB65E-459A-4483-A581-9E8053F0C42D}.Ad-Hoc|iPhone.ActiveCfg = Release|x86
		{1EBAB65E-459A-4483-A581-9E8053F0C42D}.Ad-Hoc|iPhone.Build.0 = Release|x86
		{1EBAB65E-459A-4483-A581-9E8053F0C42D}.Ad-Hoc|iPhone.Deploy.0 = Release|x86
		{1EBAB65E-459A-4483-A581-9E8053F0C42D}.Ad-Hoc|iPhoneSimulator.ActiveCfg = Release|x86
		{1EBAB65E-459A-4483-A581-9E8053F0C42D}.Ad-Hoc|iPhoneSimulator.Build.0 = Release|x86
		{1EBAB65E-459A-4483-A581-9E8053F0C42D}.Ad-Hoc|iPhoneSimulator.Deploy.0 = Release|x86
		{1EBAB65E-459A-4483-A581-9E8053F0C42D}.Ad-Hoc|x64.ActiveCfg = Release|x64
		{1EBAB65E-459A-4483-A581-9E8053F0C42D}.Ad-Hoc|x64.Build.0 = Release|x64
		{1EBAB65E-459A-4483-A581-9E8053F0C42D}.Ad-Hoc|x64.Deploy.0 = Release|x64
		{1EBAB65E-459A-4483-A581-9E8053F0C42D}.Ad-Hoc|x86.ActiveCfg = Release|x86
		{1EBAB65E-459A-4483-A581-9E8053F0C42D}.Ad-Hoc|x86.Build.0 = Release|x86
		{1EBAB65E-459A-4483-A581-9E8053F0C42D}.Ad-Hoc|x86.Deploy.0 = Release|x86
		{1EBAB65E-459A-4483-A581-9E8053F0C42D}.AppStore|Any CPU.ActiveCfg = Release|x86
		{1EBAB65E-459A-4483-A581-9E8053F0C42D}.AppStore|Any CPU.Build.0 = Release|x86
		{1EBAB65E-459A-4483-A581-9E8053F0C42D}.AppStore|Any CPU.Deploy.0 = Release|x86
		{1EBAB65E-459A-4483-A581-9E8053F0C42D}.AppStore|ARM.ActiveCfg = Release|ARM
		{1EBAB65E-459A-4483-A581-9E8053F0C42D}.AppStore|ARM.Build.0 = Release|ARM
		{1EBAB65E-459A-4483-A581-9E8053F0C42D}.AppStore|ARM.Deploy.0 = Release|ARM
		{1EBAB65E-459A-4483-A581-9E8053F0C42D}.AppStore|iPhone.ActiveCfg = Release|x86
		{1EBAB65E-459A-4483-A581-9E8053F0C42D}.AppStore|iPhone.Build.0 = Release|x86
		{1EBAB65E-459A-4483-A581-9E8053F0C42D}.AppStore|iPhone.Deploy.0 = Release|x86
		{1EBAB65E-459A-4483-A581-9E8053F0C42D}.AppStore|iPhoneSimulator.ActiveCfg = Release|x86
		{1EBAB65E-459A-4483-A581-9E8053F0C42D}.AppStore|iPhoneSimulator.Build.0 = Release|x86
		{1EBAB65E-459A-4483-A581-9E8053F0C42D}.AppStore|iPhoneSimulator.Deploy.0 = Release|x86
		{1EBAB65E-459A-4483-A581-9E8053F0C42D}.AppStore|x64.ActiveCfg = Release|x64
		{1EBAB65E-459A-4483-A581-9E8053F0C42D}.AppStore|x64.Build.0 = Release|x64
		{1EBAB65E-459A-4483-A581-9E8053F0C42D}.AppStore|x64.Deploy.0 = Release|x64
		{1EBAB65E-459A-4483-A581-9E8053F0C42D}.AppStore|x86.ActiveCfg = Release|x86
		{1EBAB65E-459A-4483-A581-9E8053F0C42D}.AppStore|x86.Build.0 = Release|x86
		{1EBAB65E-459A-4483-A581-9E8053F0C42D}.AppStore|x86.Deploy.0 = Release|x86
		{1EBAB65E-459A-4483-A581-9E8053F0C42D}.Custom|Any CPU.ActiveCfg = Custom|x64
		{1EBAB65E-459A-4483-A581-9E8053F0C42D}.Custom|Any CPU.Build.0 = Custom|x64
		{1EBAB65E-459A-4483-A581-9E8053F0C42D}.Custom|Any CPU.Deploy.0 = Custom|x64
		{1EBAB65E-459A-4483-A581-9E8053F0C42D}.Custom|ARM.ActiveCfg = Custom|ARM
		{1EBAB65E-459A-4483-A581-9E8053F0C42D}.Custom|ARM.Build.0 = Custom|ARM
		{1EBAB65E-459A-4483-A581-9E8053F0C42D}.Custom|ARM.Deploy.0 = Custom|ARM
		{1EBAB65E-459A-4483-A581-9E8053F0C42D}.Custom|iPhone.ActiveCfg = Custom|x86
		{1EBAB65E-459A-4483-A581-9E8053F0C42D}.Custom|iPhoneSimulator.ActiveCfg = Custom|x86
		{1EBAB65E-459A-4483-A581-9E8053F0C42D}.Custom|x64.ActiveCfg = Custom|x64
		{1EBAB65E-459A-4483-A581-9E8053F0C42D}.Custom|x64.Build.0 = Custom|x64
		{1EBAB65E-459A-4483-A581-9E8053F0C42D}.Custom|x64.Deploy.0 = Custom|x64
		{1EBAB65E-459A-4483-A581-9E8053F0C42D}.Custom|x86.ActiveCfg = Custom|x86
		{1EBAB65E-459A-4483-A581-9E8053F0C42D}.Custom|x86.Build.0 = Custom|x86
		{1EBAB65E-459A-4483-A581-9E8053F0C42D}.Custom|x86.Deploy.0 = Custom|x86
		{1EBAB65E-459A-4483-A581-9E8053F0C42D}.Debug|Any CPU.ActiveCfg = Debug|x64
		{1EBAB65E-459A-4483-A581-9E8053F0C42D}.Debug|Any CPU.Build.0 = Debug|x64
		{1EBAB65E-459A-4483-A581-9E8053F0C42D}.Debug|Any CPU.Deploy.0 = Debug|x64
		{1EBAB65E-459A-4483-A581-9E8053F0C42D}.Debug|ARM.ActiveCfg = Debug|ARM
		{1EBAB65E-459A-4483-A581-9E8053F0C42D}.Debug|ARM.Build.0 = Debug|ARM
		{1EBAB65E-459A-4483-A581-9E8053F0C42D}.Debug|ARM.Deploy.0 = Debug|ARM
		{1EBAB65E-459A-4483-A581-9E8053F0C42D}.Debug|iPhone.ActiveCfg = Debug|x86
		{1EBAB65E-459A-4483-A581-9E8053F0C42D}.Debug|iPhoneSimulator.ActiveCfg = Debug|x86
		{1EBAB65E-459A-4483-A581-9E8053F0C42D}.Debug|x64.ActiveCfg = Debug|x64
		{1EBAB65E-459A-4483-A581-9E8053F0C42D}.Debug|x64.Build.0 = Debug|x64
		{1EBAB65E-459A-4483-A581-9E8053F0C42D}.Debug|x64.Deploy.0 = Debug|x64
		{1EBAB65E-459A-4483-A581-9E8053F0C42D}.Debug|x86.ActiveCfg = Debug|x86
		{1EBAB65E-459A-4483-A581-9E8053F0C42D}.Debug|x86.Build.0 = Debug|x86
		{1EBAB65E-459A-4483-A581-9E8053F0C42D}.Debug|x86.Deploy.0 = Debug|x86
		{1EBAB65E-459A-4483-A581-9E8053F0C42D}.Release|Any CPU.ActiveCfg = Release|x64
		{1EBAB65E-459A-4483-A581-9E8053F0C42D}.Release|Any CPU.Build.0 = Release|x64
		{1EBAB65E-459A-4483-A581-9E8053F0C42D}.Release|Any CPU.Deploy.0 = Release|x64
		{1EBAB65E-459A-4483-A581-9E8053F0C42D}.Release|ARM.ActiveCfg = Release|ARM
		{1EBAB65E-459A-4483-A581-9E8053F0C42D}.Release|ARM.Build.0 = Release|ARM
		{1EBAB65E-459A-4483-A581-9E8053F0C42D}.Release|ARM.Deploy.0 = Release|ARM
		{1EBAB65E-459A-4483-A581-9E8053F0C42D}.Release|iPhone.ActiveCfg = Release|x86
		{1EBAB65E-459A-4483-A581-9E8053F0C42D}.Release|iPhoneSimulator.ActiveCfg = Release|x86
		{1EBAB65E-459A-4483-A581-9E8053F0C42D}.Release|x64.ActiveCfg = Release|x64
		{1EBAB65E-459A-4483-A581-9E8053F0C42D}.Release|x64.Build.0 = Release|x64
		{1EBAB65E-459A-4483-A581-9E8053F0C42D}.Release|x64.Deploy.0 = Release|x64
		{1EBAB65E-459A-4483-A581-9E8053F0C42D}.Release|x86.ActiveCfg = Release|x86
		{1EBAB65E-459A-4483-A581-9E8053F0C42D}.Release|x86.Build.0 = Release|x86
		{1EBAB65E-459A-4483-A581-9E8053F0C42D}.Release|x86.Deploy.0 = Release|x86
	EndGlobalSection
	GlobalSection(SolutionProperties) = preSolution
		HideSolutionNode = FALSE
	EndGlobalSection
EndGlobal
